
Microsoft Visual Studio Solution File, Format Version 12.00
# Visual Studio Version 17
VisualStudioVersion = 17.6.33829.357
MinimumVisualStudioVersion = 10.0.40219.1
Project("{9A19103F-16F7-4668-BE54-9A1E7A4F7556}") = "GeniusChef.Server", "Server\GeniusChef.Server.csproj", "{5C4CA44F-8C15-4459-A905-A55A21BC9AF0}"
EndProject
Project("{9A19103F-16F7-4668-BE54-9A1E7A4F7556}") = "GeniusChef.Client", "Client\GeniusChef.Client.csproj", "{5FDE3B98-CF77-4E22-BC10-6BBF69C6B3C3}"
EndProject
Project("{9A19103F-16F7-4668-BE54-9A1E7A4F7556}") = "GeniusChef.Shared", "Shared\GeniusChef.Shared.csproj", "{54BE3CE7-8C45-4879-B0B2-CF1732ECFCCF}"
EndProject
Global
	GlobalSection(SolutionConfigurationPlatforms) = preSolution
		Debug|Any CPU = Debug|Any CPU
		Release|Any CPU = Release|Any CPU
	EndGlobalSection
	GlobalSection(ProjectConfigurationPlatforms) = postSolution
		{5C4CA44F-8C15-4459-A905-A55A21BC9AF0}.Debug|Any CPU.ActiveCfg = Debug|Any CPU
		{5C4CA44F-8C15-4459-A905-A55A21BC9AF0}.Debug|Any CPU.Build.0 = Debug|Any CPU
		{5C4CA44F-8C15-4459-A905-A55A21BC9AF0}.Release|Any CPU.ActiveCfg = Release|Any CPU
		{5C4CA44F-8C15-4459-A905-A55A21BC9AF0}.Release|Any CPU.Build.0 = Release|Any CPU
		{5FDE3B98-CF77-4E22-BC10-6BBF69C6B3C3}.Debug|Any CPU.ActiveCfg = Debug|Any CPU
		{5FDE3B98-CF77-4E22-BC10-6BBF69C6B3C3}.Debug|Any CPU.Build.0 = Debug|Any CPU
		{5FDE3B98-CF77-4E22-BC10-6BBF69C6B3C3}.Release|Any CPU.ActiveCfg = Release|Any CPU
		{5FDE3B98-CF77-4E22-BC10-6BBF69C6B3C3}.Release|Any CPU.Build.0 = Release|Any CPU
		{54BE3CE7-8C45-4879-B0B2-CF1732ECFCCF}.Debug|Any CPU.ActiveCfg = Debug|Any CPU
		{54BE3CE7-8C45-4879-B0B2-CF1732ECFCCF}.Debug|Any CPU.Build.0 = Debug|Any CPU
		{54BE3CE7-8C45-4879-B0B2-CF1732ECFCCF}.Release|Any CPU.ActiveCfg = Release|Any CPU
		{54BE3CE7-8C45-4879-B0B2-CF1732ECFCCF}.Release|Any CPU.Build.0 = Release|Any CPU
	EndGlobalSection
	GlobalSection(SolutionProperties) = preSolution
		HideSolutionNode = FALSE
	EndGlobalSection
	GlobalSection(ExtensibilityGlobals) = postSolution
		SolutionGuid = {D53AD6FC-D16C-4AFE-92D0-A39CCB9FBDFF}
	EndGlobalSection
EndGlobal
